// !$*UTF8*$!
{
	archiveVersion = 1;
	classes = {
	};
	objectVersion = 56;
	objects = {

/* Begin PBXBuildFile section */
		131ED0FA2BBCB3EE00B48430 /* GroupViewController.swift in Sources */ = {isa = PBXBuildFile; fileRef = 131ED0F92BBCB3EE00B48430 /* GroupViewController.swift */; };
		131ED0FC2BBCB4AB00B48430 /* CreateGroupViewController.swift in Sources */ = {isa = PBXBuildFile; fileRef = 131ED0FB2BBCB4AB00B48430 /* CreateGroupViewController.swift */; };
		131ED1012BBCBBF000B48430 /* CalPals.xcdatamodeld in Sources */ = {isa = PBXBuildFile; fileRef = 131ED0FF2BBCBBF000B48430 /* CalPals.xcdatamodeld */; };
		1338BC132BA7390800CA7215 /* GoogleService-Info.plist in Resources */ = {isa = PBXBuildFile; fileRef = 1338BC122BA7390700CA7215 /* GoogleService-Info.plist */; };
		1338BC152BA73CB100CA7215 /* FirebaseAnalytics in Frameworks */ = {isa = PBXBuildFile; productRef = 1338BC142BA73CB100CA7215 /* FirebaseAnalytics */; };
		1338BC172BA73CB100CA7215 /* FirebaseAnalyticsOnDeviceConversion in Frameworks */ = {isa = PBXBuildFile; productRef = 1338BC162BA73CB100CA7215 /* FirebaseAnalyticsOnDeviceConversion */; };
		1338BC192BA73CB100CA7215 /* FirebaseAnalyticsSwift in Frameworks */ = {isa = PBXBuildFile; productRef = 1338BC182BA73CB100CA7215 /* FirebaseAnalyticsSwift */; };
		1338BC1B2BA73CB100CA7215 /* FirebaseAnalyticsWithoutAdIdSupport in Frameworks */ = {isa = PBXBuildFile; productRef = 1338BC1A2BA73CB100CA7215 /* FirebaseAnalyticsWithoutAdIdSupport */; };
		1338BC1D2BA73CB100CA7215 /* FirebaseAppCheck in Frameworks */ = {isa = PBXBuildFile; productRef = 1338BC1C2BA73CB100CA7215 /* FirebaseAppCheck */; };
		1338BC1F2BA73CB100CA7215 /* FirebaseAppDistribution-Beta in Frameworks */ = {isa = PBXBuildFile; productRef = 1338BC1E2BA73CB100CA7215 /* FirebaseAppDistribution-Beta */; };
		1338BC212BA73CB100CA7215 /* FirebaseAuth in Frameworks */ = {isa = PBXBuildFile; productRef = 1338BC202BA73CB100CA7215 /* FirebaseAuth */; };
		1338BC232BA73CB100CA7215 /* FirebaseAuthCombine-Community in Frameworks */ = {isa = PBXBuildFile; productRef = 1338BC222BA73CB100CA7215 /* FirebaseAuthCombine-Community */; };
		1338BC252BA73CB100CA7215 /* FirebaseCrashlytics in Frameworks */ = {isa = PBXBuildFile; productRef = 1338BC242BA73CB100CA7215 /* FirebaseCrashlytics */; };
		1338BC272BA73CB100CA7215 /* FirebaseDatabase in Frameworks */ = {isa = PBXBuildFile; productRef = 1338BC262BA73CB100CA7215 /* FirebaseDatabase */; };
		1338BC292BA73CB100CA7215 /* FirebaseDatabaseSwift in Frameworks */ = {isa = PBXBuildFile; productRef = 1338BC282BA73CB100CA7215 /* FirebaseDatabaseSwift */; };
		1338BC2B2BA73CB100CA7215 /* FirebaseDynamicLinks in Frameworks */ = {isa = PBXBuildFile; productRef = 1338BC2A2BA73CB100CA7215 /* FirebaseDynamicLinks */; };
		1338BC2D2BA73CB100CA7215 /* FirebaseFirestore in Frameworks */ = {isa = PBXBuildFile; productRef = 1338BC2C2BA73CB100CA7215 /* FirebaseFirestore */; };
		1338BC2F2BA73CB100CA7215 /* FirebaseFirestoreCombine-Community in Frameworks */ = {isa = PBXBuildFile; productRef = 1338BC2E2BA73CB100CA7215 /* FirebaseFirestoreCombine-Community */; };
		1338BC312BA73CB100CA7215 /* FirebaseFirestoreSwift in Frameworks */ = {isa = PBXBuildFile; productRef = 1338BC302BA73CB100CA7215 /* FirebaseFirestoreSwift */; };
		1338BC332BA73CB100CA7215 /* FirebaseFunctions in Frameworks */ = {isa = PBXBuildFile; productRef = 1338BC322BA73CB100CA7215 /* FirebaseFunctions */; };
		1338BC352BA73CB100CA7215 /* FirebaseFunctionsCombine-Community in Frameworks */ = {isa = PBXBuildFile; productRef = 1338BC342BA73CB100CA7215 /* FirebaseFunctionsCombine-Community */; };
		1338BC372BA73CB100CA7215 /* FirebaseInAppMessaging-Beta in Frameworks */ = {isa = PBXBuildFile; productRef = 1338BC362BA73CB100CA7215 /* FirebaseInAppMessaging-Beta */; };
		1338BC392BA73CB100CA7215 /* FirebaseInAppMessagingSwift-Beta in Frameworks */ = {isa = PBXBuildFile; productRef = 1338BC382BA73CB100CA7215 /* FirebaseInAppMessagingSwift-Beta */; };
		1338BC3B2BA73CB100CA7215 /* FirebaseInstallations in Frameworks */ = {isa = PBXBuildFile; productRef = 1338BC3A2BA73CB100CA7215 /* FirebaseInstallations */; };
		1338BC3D2BA73CB100CA7215 /* FirebaseMLModelDownloader in Frameworks */ = {isa = PBXBuildFile; productRef = 1338BC3C2BA73CB100CA7215 /* FirebaseMLModelDownloader */; };
		1338BC3F2BA73CB100CA7215 /* FirebaseMessaging in Frameworks */ = {isa = PBXBuildFile; productRef = 1338BC3E2BA73CB100CA7215 /* FirebaseMessaging */; };
		1338BC412BA73CB100CA7215 /* FirebasePerformance in Frameworks */ = {isa = PBXBuildFile; productRef = 1338BC402BA73CB100CA7215 /* FirebasePerformance */; };
		1338BC432BA73CB100CA7215 /* FirebaseRemoteConfig in Frameworks */ = {isa = PBXBuildFile; productRef = 1338BC422BA73CB100CA7215 /* FirebaseRemoteConfig */; };
		1338BC452BA73CB100CA7215 /* FirebaseRemoteConfigSwift in Frameworks */ = {isa = PBXBuildFile; productRef = 1338BC442BA73CB100CA7215 /* FirebaseRemoteConfigSwift */; };
		1338BC472BA73CB100CA7215 /* FirebaseStorage in Frameworks */ = {isa = PBXBuildFile; productRef = 1338BC462BA73CB100CA7215 /* FirebaseStorage */; };
		1338BC492BA73CB100CA7215 /* FirebaseStorageCombine-Community in Frameworks */ = {isa = PBXBuildFile; productRef = 1338BC482BA73CB100CA7215 /* FirebaseStorageCombine-Community */; };
		1338BC4B2BA73D3E00CA7215 /* LoginViewController.swift in Sources */ = {isa = PBXBuildFile; fileRef = 1338BC4A2BA73D3E00CA7215 /* LoginViewController.swift */; };
		1338BC4E2BA7452900CA7215 /* CreateAccountViewController.swift in Sources */ = {isa = PBXBuildFile; fileRef = 1338BC4D2BA7452900CA7215 /* CreateAccountViewController.swift */; };
		3009B0A52BA9180D00D9F31A /* CustomCollectionViewCell copy.swift in Sources */ = {isa = PBXBuildFile; fileRef = 3009B0A42BA9180D00D9F31A /* CustomCollectionViewCell copy.swift */; };
		375A20942BA74DFE003ABF00 /* CalPal Pics in Resources */ = {isa = PBXBuildFile; fileRef = 375A20932BA74DFE003ABF00 /* CalPal Pics */; };
		375A209B2BA75D7B003ABF00 /* Launch Screen.storyboard in Resources */ = {isa = PBXBuildFile; fileRef = 375A20992BA75D7B003ABF00 /* Launch Screen.storyboard */; };
		F411B8452B8D69A100CA789C /* AppDelegate.swift in Sources */ = {isa = PBXBuildFile; fileRef = F411B8442B8D69A100CA789C /* AppDelegate.swift */; };
		F411B8472B8D69A100CA789C /* SceneDelegate.swift in Sources */ = {isa = PBXBuildFile; fileRef = F411B8462B8D69A100CA789C /* SceneDelegate.swift */; };
		F411B8492B8D69A100CA789C /* ViewController.swift in Sources */ = {isa = PBXBuildFile; fileRef = F411B8482B8D69A100CA789C /* ViewController.swift */; };
		F411B84C2B8D69A100CA789C /* Main.storyboard in Resources */ = {isa = PBXBuildFile; fileRef = F411B84A2B8D69A100CA789C /* Main.storyboard */; };
		F411B84E2B8D69A300CA789C /* Assets.xcassets in Resources */ = {isa = PBXBuildFile; fileRef = F411B84D2B8D69A300CA789C /* Assets.xcassets */; };
		F44D057F2BB3A39D00C2322A /* AvailabilityModel.swift in Sources */ = {isa = PBXBuildFile; fileRef = F44D057E2BB3A39D00C2322A /* AvailabilityModel.swift */; };
		F4766E0C2BB388ED0083D1B9 /* ScheduleTableViewCell.swift in Sources */ = {isa = PBXBuildFile; fileRef = F4766E0B2BB388ED0083D1B9 /* ScheduleTableViewCell.swift */; };
		F48C21B92BA9206200EDB9D4 /* ScheduleViewController.swift in Sources */ = {isa = PBXBuildFile; fileRef = F48C21B82BA9206100EDB9D4 /* ScheduleViewController.swift */; };
		F49AA1192BC31FDF009CF1A8 /* TimeConstants.swift in Sources */ = {isa = PBXBuildFile; fileRef = F49AA1182BC31FDF009CF1A8 /* TimeConstants.swift */; };
		F4D918432BA8C1FB0039ADB8 /* CreateEventViewController.swift in Sources */ = {isa = PBXBuildFile; fileRef = F4D918422BA8C1FB0039ADB8 /* CreateEventViewController.swift */; };
		F4D918452BA8C2E90039ADB8 /* Event.swift in Sources */ = {isa = PBXBuildFile; fileRef = F4D918442BA8C2E90039ADB8 /* Event.swift */; };
		F4D918472BA8FBD50039ADB8 /* LocationPickerViewController.swift in Sources */ = {isa = PBXBuildFile; fileRef = F4D918462BA8FBD50039ADB8 /* LocationPickerViewController.swift */; };
		F4D918492BA90F2A0039ADB8 /* LocationChanger.swift in Sources */ = {isa = PBXBuildFile; fileRef = F4D918482BA90F2A0039ADB8 /* LocationChanger.swift */; };
/* End PBXBuildFile section */

/* Begin PBXFileReference section */
		131ED0F92BBCB3EE00B48430 /* GroupViewController.swift */ = {isa = PBXFileReference; lastKnownFileType = sourcecode.swift; path = GroupViewController.swift; sourceTree = "<group>"; };
		131ED0FB2BBCB4AB00B48430 /* CreateGroupViewController.swift */ = {isa = PBXFileReference; lastKnownFileType = sourcecode.swift; path = CreateGroupViewController.swift; sourceTree = "<group>"; };
		131ED1002BBCBBF000B48430 /* CalPals.xcdatamodel */ = {isa = PBXFileReference; lastKnownFileType = wrapper.xcdatamodel; path = CalPals.xcdatamodel; sourceTree = "<group>"; };
		1338BC122BA7390700CA7215 /* GoogleService-Info.plist */ = {isa = PBXFileReference; fileEncoding = 4; lastKnownFileType = text.plist.xml; path = "GoogleService-Info.plist"; sourceTree = "<group>"; };
		1338BC4A2BA73D3E00CA7215 /* LoginViewController.swift */ = {isa = PBXFileReference; lastKnownFileType = sourcecode.swift; path = LoginViewController.swift; sourceTree = "<group>"; };
		1338BC4D2BA7452900CA7215 /* CreateAccountViewController.swift */ = {isa = PBXFileReference; lastKnownFileType = sourcecode.swift; path = CreateAccountViewController.swift; sourceTree = "<group>"; };
		3009B0A42BA9180D00D9F31A /* CustomCollectionViewCell copy.swift */ = {isa = PBXFileReference; fileEncoding = 4; lastKnownFileType = sourcecode.swift; path = "CustomCollectionViewCell copy.swift"; sourceTree = "<group>"; };
		375A20932BA74DFE003ABF00 /* CalPal Pics */ = {isa = PBXFileReference; lastKnownFileType = folder; path = "CalPal Pics"; sourceTree = "<group>"; };
		375A209A2BA75D7B003ABF00 /* Base */ = {isa = PBXFileReference; lastKnownFileType = file.storyboard; name = Base; path = "Base.lproj/Launch Screen.storyboard"; sourceTree = "<group>"; };
		F411B8412B8D69A100CA789C /* CalPals.app */ = {isa = PBXFileReference; explicitFileType = wrapper.application; includeInIndex = 0; path = CalPals.app; sourceTree = BUILT_PRODUCTS_DIR; };
		F411B8442B8D69A100CA789C /* AppDelegate.swift */ = {isa = PBXFileReference; lastKnownFileType = sourcecode.swift; path = AppDelegate.swift; sourceTree = "<group>"; };
		F411B8462B8D69A100CA789C /* SceneDelegate.swift */ = {isa = PBXFileReference; lastKnownFileType = sourcecode.swift; path = SceneDelegate.swift; sourceTree = "<group>"; };
		F411B8482B8D69A100CA789C /* ViewController.swift */ = {isa = PBXFileReference; lastKnownFileType = sourcecode.swift; path = ViewController.swift; sourceTree = "<group>"; };
		F411B84B2B8D69A100CA789C /* Base */ = {isa = PBXFileReference; lastKnownFileType = file.storyboard; name = Base; path = Base.lproj/Main.storyboard; sourceTree = "<group>"; };
		F411B84D2B8D69A300CA789C /* Assets.xcassets */ = {isa = PBXFileReference; lastKnownFileType = folder.assetcatalog; path = Assets.xcassets; sourceTree = "<group>"; };
		F411B8522B8D69A300CA789C /* Info.plist */ = {isa = PBXFileReference; lastKnownFileType = text.plist.xml; path = Info.plist; sourceTree = "<group>"; };
		F44D057E2BB3A39D00C2322A /* AvailabilityModel.swift */ = {isa = PBXFileReference; lastKnownFileType = sourcecode.swift; path = AvailabilityModel.swift; sourceTree = "<group>"; };
		F4766E0B2BB388ED0083D1B9 /* ScheduleTableViewCell.swift */ = {isa = PBXFileReference; lastKnownFileType = sourcecode.swift; path = ScheduleTableViewCell.swift; sourceTree = "<group>"; };
		F48C21B82BA9206100EDB9D4 /* ScheduleViewController.swift */ = {isa = PBXFileReference; lastKnownFileType = sourcecode.swift; path = ScheduleViewController.swift; sourceTree = "<group>"; };
		F49AA1182BC31FDF009CF1A8 /* TimeConstants.swift */ = {isa = PBXFileReference; lastKnownFileType = sourcecode.swift; path = TimeConstants.swift; sourceTree = "<group>"; };
		F4D918422BA8C1FB0039ADB8 /* CreateEventViewController.swift */ = {isa = PBXFileReference; fileEncoding = 4; lastKnownFileType = sourcecode.swift; path = CreateEventViewController.swift; sourceTree = "<group>"; };
		F4D918442BA8C2E90039ADB8 /* Event.swift */ = {isa = PBXFileReference; lastKnownFileType = sourcecode.swift; path = Event.swift; sourceTree = "<group>"; };
		F4D918462BA8FBD50039ADB8 /* LocationPickerViewController.swift */ = {isa = PBXFileReference; lastKnownFileType = sourcecode.swift; path = LocationPickerViewController.swift; sourceTree = "<group>"; };
		F4D918482BA90F2A0039ADB8 /* LocationChanger.swift */ = {isa = PBXFileReference; lastKnownFileType = sourcecode.swift; path = LocationChanger.swift; sourceTree = "<group>"; };
/* End PBXFileReference section */

/* Begin PBXFrameworksBuildPhase section */
		F411B83E2B8D69A000CA789C /* Frameworks */ = {
			isa = PBXFrameworksBuildPhase;
			buildActionMask = 2147483647;
			files = (
				1338BC272BA73CB100CA7215 /* FirebaseDatabase in Frameworks */,
				1338BC352BA73CB100CA7215 /* FirebaseFunctionsCombine-Community in Frameworks */,
				1338BC2D2BA73CB100CA7215 /* FirebaseFirestore in Frameworks */,
				1338BC192BA73CB100CA7215 /* FirebaseAnalyticsSwift in Frameworks */,
				1338BC152BA73CB100CA7215 /* FirebaseAnalytics in Frameworks */,
				1338BC172BA73CB100CA7215 /* FirebaseAnalyticsOnDeviceConversion in Frameworks */,
				1338BC3D2BA73CB100CA7215 /* FirebaseMLModelDownloader in Frameworks */,
				1338BC312BA73CB100CA7215 /* FirebaseFirestoreSwift in Frameworks */,
				1338BC1D2BA73CB100CA7215 /* FirebaseAppCheck in Frameworks */,
				1338BC1B2BA73CB100CA7215 /* FirebaseAnalyticsWithoutAdIdSupport in Frameworks */,
				1338BC212BA73CB100CA7215 /* FirebaseAuth in Frameworks */,
				1338BC252BA73CB100CA7215 /* FirebaseCrashlytics in Frameworks */,
				1338BC452BA73CB100CA7215 /* FirebaseRemoteConfigSwift in Frameworks */,
				1338BC372BA73CB100CA7215 /* FirebaseInAppMessaging-Beta in Frameworks */,
				1338BC292BA73CB100CA7215 /* FirebaseDatabaseSwift in Frameworks */,
				1338BC332BA73CB100CA7215 /* FirebaseFunctions in Frameworks */,
				1338BC492BA73CB100CA7215 /* FirebaseStorageCombine-Community in Frameworks */,
				1338BC432BA73CB100CA7215 /* FirebaseRemoteConfig in Frameworks */,
				1338BC1F2BA73CB100CA7215 /* FirebaseAppDistribution-Beta in Frameworks */,
				1338BC232BA73CB100CA7215 /* FirebaseAuthCombine-Community in Frameworks */,
				1338BC412BA73CB100CA7215 /* FirebasePerformance in Frameworks */,
				1338BC392BA73CB100CA7215 /* FirebaseInAppMessagingSwift-Beta in Frameworks */,
				1338BC472BA73CB100CA7215 /* FirebaseStorage in Frameworks */,
				1338BC2B2BA73CB100CA7215 /* FirebaseDynamicLinks in Frameworks */,
				1338BC2F2BA73CB100CA7215 /* FirebaseFirestoreCombine-Community in Frameworks */,
				1338BC3F2BA73CB100CA7215 /* FirebaseMessaging in Frameworks */,
				1338BC3B2BA73CB100CA7215 /* FirebaseInstallations in Frameworks */,
			);
			runOnlyForDeploymentPostprocessing = 0;
		};
/* End PBXFrameworksBuildPhase section */

/* Begin PBXGroup section */
		F411B8382B8D69A000CA789C = {
			isa = PBXGroup;
			children = (
				F411B8432B8D69A100CA789C /* CalPals */,
				F411B8422B8D69A100CA789C /* Products */,
			);
			sourceTree = "<group>";
		};
		F411B8422B8D69A100CA789C /* Products */ = {
			isa = PBXGroup;
			children = (
				F411B8412B8D69A100CA789C /* CalPals.app */,
			);
			name = Products;
			sourceTree = "<group>";
		};
		F411B8432B8D69A100CA789C /* CalPals */ = {
			isa = PBXGroup;
			children = (
				375A20932BA74DFE003ABF00 /* CalPal Pics */,
				F411B8442B8D69A100CA789C /* AppDelegate.swift */,
				F411B8462B8D69A100CA789C /* SceneDelegate.swift */,
				F411B8482B8D69A100CA789C /* ViewController.swift */,
				1338BC122BA7390700CA7215 /* GoogleService-Info.plist */,
				F411B84A2B8D69A100CA789C /* Main.storyboard */,
				131ED0FB2BBCB4AB00B48430 /* CreateGroupViewController.swift */,
				131ED0F92BBCB3EE00B48430 /* GroupViewController.swift */,
				3009B0A42BA9180D00D9F31A /* CustomCollectionViewCell copy.swift */,
				F4D918462BA8FBD50039ADB8 /* LocationPickerViewController.swift */,
				F4D918482BA90F2A0039ADB8 /* LocationChanger.swift */,
				F4D918442BA8C2E90039ADB8 /* Event.swift */,
				F48C21B82BA9206100EDB9D4 /* ScheduleViewController.swift */,
				F49AA1182BC31FDF009CF1A8 /* TimeConstants.swift */,
				F4766E0B2BB388ED0083D1B9 /* ScheduleTableViewCell.swift */,
				F44D057E2BB3A39D00C2322A /* AvailabilityModel.swift */,
				F4D918422BA8C1FB0039ADB8 /* CreateEventViewController.swift */,
				1338BC4D2BA7452900CA7215 /* CreateAccountViewController.swift */,
				1338BC4A2BA73D3E00CA7215 /* LoginViewController.swift */,
				F411B84D2B8D69A300CA789C /* Assets.xcassets */,
				375A20992BA75D7B003ABF00 /* Launch Screen.storyboard */,
				F411B8522B8D69A300CA789C /* Info.plist */,
				131ED0FF2BBCBBF000B48430 /* CalPals.xcdatamodeld */,
			);
			path = CalPals;
			sourceTree = "<group>";
		};
/* End PBXGroup section */

/* Begin PBXNativeTarget section */
		F411B8402B8D69A000CA789C /* CalPals */ = {
			isa = PBXNativeTarget;
			buildConfigurationList = F411B8552B8D69A300CA789C /* Build configuration list for PBXNativeTarget "CalPals" */;
			buildPhases = (
				F411B83D2B8D69A000CA789C /* Sources */,
				F411B83E2B8D69A000CA789C /* Frameworks */,
				F411B83F2B8D69A000CA789C /* Resources */,
			);
			buildRules = (
			);
			dependencies = (
			);
			name = CalPals;
			packageProductDependencies = (
				1338BC142BA73CB100CA7215 /* FirebaseAnalytics */,
				1338BC162BA73CB100CA7215 /* FirebaseAnalyticsOnDeviceConversion */,
				1338BC182BA73CB100CA7215 /* FirebaseAnalyticsSwift */,
				1338BC1A2BA73CB100CA7215 /* FirebaseAnalyticsWithoutAdIdSupport */,
				1338BC1C2BA73CB100CA7215 /* FirebaseAppCheck */,
				1338BC1E2BA73CB100CA7215 /* FirebaseAppDistribution-Beta */,
				1338BC202BA73CB100CA7215 /* FirebaseAuth */,
				1338BC222BA73CB100CA7215 /* FirebaseAuthCombine-Community */,
				1338BC242BA73CB100CA7215 /* FirebaseCrashlytics */,
				1338BC262BA73CB100CA7215 /* FirebaseDatabase */,
				1338BC282BA73CB100CA7215 /* FirebaseDatabaseSwift */,
				1338BC2A2BA73CB100CA7215 /* FirebaseDynamicLinks */,
				1338BC2C2BA73CB100CA7215 /* FirebaseFirestore */,
				1338BC2E2BA73CB100CA7215 /* FirebaseFirestoreCombine-Community */,
				1338BC302BA73CB100CA7215 /* FirebaseFirestoreSwift */,
				1338BC322BA73CB100CA7215 /* FirebaseFunctions */,
				1338BC342BA73CB100CA7215 /* FirebaseFunctionsCombine-Community */,
				1338BC362BA73CB100CA7215 /* FirebaseInAppMessaging-Beta */,
				1338BC382BA73CB100CA7215 /* FirebaseInAppMessagingSwift-Beta */,
				1338BC3A2BA73CB100CA7215 /* FirebaseInstallations */,
				1338BC3C2BA73CB100CA7215 /* FirebaseMLModelDownloader */,
				1338BC3E2BA73CB100CA7215 /* FirebaseMessaging */,
				1338BC402BA73CB100CA7215 /* FirebasePerformance */,
				1338BC422BA73CB100CA7215 /* FirebaseRemoteConfig */,
				1338BC442BA73CB100CA7215 /* FirebaseRemoteConfigSwift */,
				1338BC462BA73CB100CA7215 /* FirebaseStorage */,
				1338BC482BA73CB100CA7215 /* FirebaseStorageCombine-Community */,
			);
			productName = CalPals;
			productReference = F411B8412B8D69A100CA789C /* CalPals.app */;
			productType = "com.apple.product-type.application";
		};
/* End PBXNativeTarget section */

/* Begin PBXProject section */
		F411B8392B8D69A000CA789C /* Project object */ = {
			isa = PBXProject;
			attributes = {
				BuildIndependentTargetsInParallel = 1;
				LastSwiftUpdateCheck = 1520;
				LastUpgradeCheck = 1520;
				TargetAttributes = {
					F411B8402B8D69A000CA789C = {
						CreatedOnToolsVersion = 15.2;
					};
				};
			};
			buildConfigurationList = F411B83C2B8D69A000CA789C /* Build configuration list for PBXProject "CalPals" */;
			compatibilityVersion = "Xcode 14.0";
			developmentRegion = en;
			hasScannedForEncodings = 0;
			knownRegions = (
				en,
				Base,
			);
			mainGroup = F411B8382B8D69A000CA789C;
			packageReferences = (
				13908CFA2BA6AE2400D1F150 /* XCRemoteSwiftPackageReference "firebase-ios-sdk" */,
			);
			productRefGroup = F411B8422B8D69A100CA789C /* Products */;
			projectDirPath = "";
			projectRoot = "";
			targets = (
				F411B8402B8D69A000CA789C /* CalPals */,
			);
		};
/* End PBXProject section */

/* Begin PBXResourcesBuildPhase section */
		F411B83F2B8D69A000CA789C /* Resources */ = {
			isa = PBXResourcesBuildPhase;
			buildActionMask = 2147483647;
			files = (
				1338BC132BA7390800CA7215 /* GoogleService-Info.plist in Resources */,
				F411B84E2B8D69A300CA789C /* Assets.xcassets in Resources */,
				F411B84C2B8D69A100CA789C /* Main.storyboard in Resources */,
				375A209B2BA75D7B003ABF00 /* Launch Screen.storyboard in Resources */,
				375A20942BA74DFE003ABF00 /* CalPal Pics in Resources */,
			);
			runOnlyForDeploymentPostprocessing = 0;
		};
/* End PBXResourcesBuildPhase section */

/* Begin PBXSourcesBuildPhase section */
		F411B83D2B8D69A000CA789C /* Sources */ = {
			isa = PBXSourcesBuildPhase;
			buildActionMask = 2147483647;
			files = (
				1338BC4E2BA7452900CA7215 /* CreateAccountViewController.swift in Sources */,
				1338BC4B2BA73D3E00CA7215 /* LoginViewController.swift in Sources */,
				F4766E0C2BB388ED0083D1B9 /* ScheduleTableViewCell.swift in Sources */,
				131ED1012BBCBBF000B48430 /* CalPals.xcdatamodeld in Sources */,
				F411B8492B8D69A100CA789C /* ViewController.swift in Sources */,
				F48C21B92BA9206200EDB9D4 /* ScheduleViewController.swift in Sources */,
				131ED0FC2BBCB4AB00B48430 /* CreateGroupViewController.swift in Sources */,
				F44D057F2BB3A39D00C2322A /* AvailabilityModel.swift in Sources */,
				F49AA1192BC31FDF009CF1A8 /* TimeConstants.swift in Sources */,
				131ED0FA2BBCB3EE00B48430 /* GroupViewController.swift in Sources */,
				F411B8452B8D69A100CA789C /* AppDelegate.swift in Sources */,
				F411B8472B8D69A100CA789C /* SceneDelegate.swift in Sources */,
				3009B0A52BA9180D00D9F31A /* CustomCollectionViewCell copy.swift in Sources */,
				F4D918492BA90F2A0039ADB8 /* LocationChanger.swift in Sources */,
				F4D918452BA8C2E90039ADB8 /* Event.swift in Sources */,
				F4D918432BA8C1FB0039ADB8 /* CreateEventViewController.swift in Sources */,
				F4D918472BA8FBD50039ADB8 /* LocationPickerViewController.swift in Sources */,
			);
			runOnlyForDeploymentPostprocessing = 0;
		};
/* End PBXSourcesBuildPhase section */

/* Begin PBXVariantGroup section */
		375A20992BA75D7B003ABF00 /* Launch Screen.storyboard */ = {
			isa = PBXVariantGroup;
			children = (
				375A209A2BA75D7B003ABF00 /* Base */,
			);
			name = "Launch Screen.storyboard";
			sourceTree = "<group>";
		};
		F411B84A2B8D69A100CA789C /* Main.storyboard */ = {
			isa = PBXVariantGroup;
			children = (
				F411B84B2B8D69A100CA789C /* Base */,
			);
			name = Main.storyboard;
			sourceTree = "<group>";
		};
/* End PBXVariantGroup section */

/* Begin XCBuildConfiguration section */
		F411B8532B8D69A300CA789C /* Debug */ = {
			isa = XCBuildConfiguration;
			buildSettings = {
				ALWAYS_SEARCH_USER_PATHS = NO;
				ASSETCATALOG_COMPILER_GENERATE_SWIFT_ASSET_SYMBOL_EXTENSIONS = YES;
				CLANG_ANALYZER_NONNULL = YES;
				CLANG_ANALYZER_NUMBER_OBJECT_CONVERSION = YES_AGGRESSIVE;
				CLANG_CXX_LANGUAGE_STANDARD = "gnu++20";
				CLANG_ENABLE_MODULES = YES;
				CLANG_ENABLE_OBJC_ARC = YES;
				CLANG_ENABLE_OBJC_WEAK = YES;
				CLANG_WARN_BLOCK_CAPTURE_AUTORELEASING = YES;
				CLANG_WARN_BOOL_CONVERSION = YES;
				CLANG_WARN_COMMA = YES;
				CLANG_WARN_CONSTANT_CONVERSION = YES;
				CLANG_WARN_DEPRECATED_OBJC_IMPLEMENTATIONS = YES;
				CLANG_WARN_DIRECT_OBJC_ISA_USAGE = YES_ERROR;
				CLANG_WARN_DOCUMENTATION_COMMENTS = YES;
				CLANG_WARN_EMPTY_BODY = YES;
				CLANG_WARN_ENUM_CONVERSION = YES;
				CLANG_WARN_INFINITE_RECURSION = YES;
				CLANG_WARN_INT_CONVERSION = YES;
				CLANG_WARN_NON_LITERAL_NULL_CONVERSION = YES;
				CLANG_WARN_OBJC_IMPLICIT_RETAIN_SELF = YES;
				CLANG_WARN_OBJC_LITERAL_CONVERSION = YES;
				CLANG_WARN_OBJC_ROOT_CLASS = YES_ERROR;
				CLANG_WARN_QUOTED_INCLUDE_IN_FRAMEWORK_HEADER = YES;
				CLANG_WARN_RANGE_LOOP_ANALYSIS = YES;
				CLANG_WARN_STRICT_PROTOTYPES = YES;
				CLANG_WARN_SUSPICIOUS_MOVE = YES;
				CLANG_WARN_UNGUARDED_AVAILABILITY = YES_AGGRESSIVE;
				CLANG_WARN_UNREACHABLE_CODE = YES;
				CLANG_WARN__DUPLICATE_METHOD_MATCH = YES;
				COPY_PHASE_STRIP = NO;
				DEBUG_INFORMATION_FORMAT = dwarf;
				ENABLE_STRICT_OBJC_MSGSEND = YES;
				ENABLE_TESTABILITY = YES;
				ENABLE_USER_SCRIPT_SANDBOXING = YES;
				GCC_C_LANGUAGE_STANDARD = gnu17;
				GCC_DYNAMIC_NO_PIC = NO;
				GCC_NO_COMMON_BLOCKS = YES;
				GCC_OPTIMIZATION_LEVEL = 0;
				GCC_PREPROCESSOR_DEFINITIONS = (
					"DEBUG=1",
					"$(inherited)",
				);
				GCC_WARN_64_TO_32_BIT_CONVERSION = YES;
				GCC_WARN_ABOUT_RETURN_TYPE = YES_ERROR;
				GCC_WARN_UNDECLARED_SELECTOR = YES;
				GCC_WARN_UNINITIALIZED_AUTOS = YES_AGGRESSIVE;
				GCC_WARN_UNUSED_FUNCTION = YES;
				GCC_WARN_UNUSED_VARIABLE = YES;
				IPHONEOS_DEPLOYMENT_TARGET = 17.2;
				LOCALIZATION_PREFERS_STRING_CATALOGS = YES;
				MTL_ENABLE_DEBUG_INFO = INCLUDE_SOURCE;
				MTL_FAST_MATH = YES;
				ONLY_ACTIVE_ARCH = YES;
				SDKROOT = iphoneos;
				SWIFT_ACTIVE_COMPILATION_CONDITIONS = "DEBUG $(inherited)";
				SWIFT_OPTIMIZATION_LEVEL = "-Onone";
			};
			name = Debug;
		};
		F411B8542B8D69A300CA789C /* Release */ = {
			isa = XCBuildConfiguration;
			buildSettings = {
				ALWAYS_SEARCH_USER_PATHS = NO;
				ASSETCATALOG_COMPILER_GENERATE_SWIFT_ASSET_SYMBOL_EXTENSIONS = YES;
				CLANG_ANALYZER_NONNULL = YES;
				CLANG_ANALYZER_NUMBER_OBJECT_CONVERSION = YES_AGGRESSIVE;
				CLANG_CXX_LANGUAGE_STANDARD = "gnu++20";
				CLANG_ENABLE_MODULES = YES;
				CLANG_ENABLE_OBJC_ARC = YES;
				CLANG_ENABLE_OBJC_WEAK = YES;
				CLANG_WARN_BLOCK_CAPTURE_AUTORELEASING = YES;
				CLANG_WARN_BOOL_CONVERSION = YES;
				CLANG_WARN_COMMA = YES;
				CLANG_WARN_CONSTANT_CONVERSION = YES;
				CLANG_WARN_DEPRECATED_OBJC_IMPLEMENTATIONS = YES;
				CLANG_WARN_DIRECT_OBJC_ISA_USAGE = YES_ERROR;
				CLANG_WARN_DOCUMENTATION_COMMENTS = YES;
				CLANG_WARN_EMPTY_BODY = YES;
				CLANG_WARN_ENUM_CONVERSION = YES;
				CLANG_WARN_INFINITE_RECURSION = YES;
				CLANG_WARN_INT_CONVERSION = YES;
				CLANG_WARN_NON_LITERAL_NULL_CONVERSION = YES;
				CLANG_WARN_OBJC_IMPLICIT_RETAIN_SELF = YES;
				CLANG_WARN_OBJC_LITERAL_CONVERSION = YES;
				CLANG_WARN_OBJC_ROOT_CLASS = YES_ERROR;
				CLANG_WARN_QUOTED_INCLUDE_IN_FRAMEWORK_HEADER = YES;
				CLANG_WARN_RANGE_LOOP_ANALYSIS = YES;
				CLANG_WARN_STRICT_PROTOTYPES = YES;
				CLANG_WARN_SUSPICIOUS_MOVE = YES;
				CLANG_WARN_UNGUARDED_AVAILABILITY = YES_AGGRESSIVE;
				CLANG_WARN_UNREACHABLE_CODE = YES;
				CLANG_WARN__DUPLICATE_METHOD_MATCH = YES;
				COPY_PHASE_STRIP = NO;
				DEBUG_INFORMATION_FORMAT = "dwarf-with-dsym";
				ENABLE_NS_ASSERTIONS = NO;
				ENABLE_STRICT_OBJC_MSGSEND = YES;
				ENABLE_USER_SCRIPT_SANDBOXING = YES;
				GCC_C_LANGUAGE_STANDARD = gnu17;
				GCC_NO_COMMON_BLOCKS = YES;
				GCC_WARN_64_TO_32_BIT_CONVERSION = YES;
				GCC_WARN_ABOUT_RETURN_TYPE = YES_ERROR;
				GCC_WARN_UNDECLARED_SELECTOR = YES;
				GCC_WARN_UNINITIALIZED_AUTOS = YES_AGGRESSIVE;
				GCC_WARN_UNUSED_FUNCTION = YES;
				GCC_WARN_UNUSED_VARIABLE = YES;
				IPHONEOS_DEPLOYMENT_TARGET = 17.2;
				LOCALIZATION_PREFERS_STRING_CATALOGS = YES;
				MTL_ENABLE_DEBUG_INFO = NO;
				MTL_FAST_MATH = YES;
				SDKROOT = iphoneos;
				SWIFT_COMPILATION_MODE = wholemodule;
				VALIDATE_PRODUCT = YES;
			};
			name = Release;
		};
		F411B8562B8D69A300CA789C /* Debug */ = {
			isa = XCBuildConfiguration;
			buildSettings = {
				ASSETCATALOG_COMPILER_APPICON_NAME = AppIcon;
				ASSETCATALOG_COMPILER_GLOBAL_ACCENT_COLOR_NAME = AccentColor;
				CODE_SIGN_ENTITLEMENTS = CalPals/CalPals.entitlements;
				CODE_SIGN_STYLE = Automatic;
				CURRENT_PROJECT_VERSION = 1;
				DEVELOPMENT_TEAM = K9W2C9V5YF;
				GENERATE_INFOPLIST_FILE = YES;
				INFOPLIST_FILE = CalPals/Info.plist;
				INFOPLIST_KEY_UIApplicationSupportsIndirectInputEvents = YES;
				INFOPLIST_KEY_UILaunchStoryboardName = "Launch Screen.storyboard";
				INFOPLIST_KEY_UIMainStoryboardFile = Main;
				INFOPLIST_KEY_UISupportedInterfaceOrientations_iPad = "UIInterfaceOrientationPortrait UIInterfaceOrientationPortraitUpsideDown UIInterfaceOrientationLandscapeLeft UIInterfaceOrientationLandscapeRight";
				INFOPLIST_KEY_UISupportedInterfaceOrientations_iPhone = "UIInterfaceOrientationPortrait UIInterfaceOrientationLandscapeLeft UIInterfaceOrientationLandscapeRight";
				LD_RUNPATH_SEARCH_PATHS = (
					"$(inherited)",
					"@executable_path/Frameworks",
				);
				MARKETING_VERSION = 1.0;
				PRODUCT_BUNDLE_IDENTIFIER = calpals.CalPals;
				PRODUCT_NAME = "$(TARGET_NAME)";
				SWIFT_EMIT_LOC_STRINGS = YES;
				SWIFT_VERSION = 5.0;
				TARGETED_DEVICE_FAMILY = "1,2";
			};
			name = Debug;
		};
		F411B8572B8D69A300CA789C /* Release */ = {
			isa = XCBuildConfiguration;
			buildSettings = {
				ASSETCATALOG_COMPILER_APPICON_NAME = AppIcon;
				ASSETCATALOG_COMPILER_GLOBAL_ACCENT_COLOR_NAME = AccentColor;
				ASSETCATALOG_COMPILER_INCLUDE_ALL_APPICON_ASSETS = YES;
				CODE_SIGN_STYLE = Automatic;
				CURRENT_PROJECT_VERSION = 1;
				GENERATE_INFOPLIST_FILE = YES;
				INFOPLIST_FILE = CalPals/Info.plist;
				INFOPLIST_KEY_UIApplicationSupportsIndirectInputEvents = YES;
				INFOPLIST_KEY_UILaunchStoryboardName = "Launch Screen.storyboard";
				INFOPLIST_KEY_UIMainStoryboardFile = Main;
				INFOPLIST_KEY_UISupportedInterfaceOrientations_iPad = "UIInterfaceOrientationPortrait UIInterfaceOrientationPortraitUpsideDown UIInterfaceOrientationLandscapeLeft UIInterfaceOrientationLandscapeRight";
				INFOPLIST_KEY_UISupportedInterfaceOrientations_iPhone = "UIInterfaceOrientationPortrait UIInterfaceOrientationLandscapeLeft UIInterfaceOrientationLandscapeRight";
				LD_RUNPATH_SEARCH_PATHS = (
					"$(inherited)",
					"@executable_path/Frameworks",
				);
				MARKETING_VERSION = 1.0;
				PRODUCT_BUNDLE_IDENTIFIER = calpals.CalPals;
				PRODUCT_NAME = "$(TARGET_NAME)";
				SWIFT_EMIT_LOC_STRINGS = YES;
				SWIFT_VERSION = 5.0;
				TARGETED_DEVICE_FAMILY = "1,2";
			};
			name = Release;
		};
/* End XCBuildConfiguration section */

/* Begin XCConfigurationList section */
		F411B83C2B8D69A000CA789C /* Build configuration list for PBXProject "CalPals" */ = {
			isa = XCConfigurationList;
			buildConfigurations = (
				F411B8532B8D69A300CA789C /* Debug */,
				F411B8542B8D69A300CA789C /* Release */,
			);
			defaultConfigurationIsVisible = 0;
			defaultConfigurationName = Release;
		};
		F411B8552B8D69A300CA789C /* Build configuration list for PBXNativeTarget "CalPals" */ = {
			isa = XCConfigurationList;
			buildConfigurations = (
				F411B8562B8D69A300CA789C /* Debug */,
				F411B8572B8D69A300CA789C /* Release */,
			);
			defaultConfigurationIsVisible = 0;
			defaultConfigurationName = Release;
		};
/* End XCConfigurationList section */

/* Begin XCRemoteSwiftPackageReference section */
		13908CFA2BA6AE2400D1F150 /* XCRemoteSwiftPackageReference "firebase-ios-sdk" */ = {
			isa = XCRemoteSwiftPackageReference;
			repositoryURL = "https://github.com/firebase/firebase-ios-sdk";
			requirement = {
				kind = upToNextMajorVersion;
				minimumVersion = 10.22.1;
			};
		};
/* End XCRemoteSwiftPackageReference section */

/* Begin XCSwiftPackageProductDependency section */
		1338BC142BA73CB100CA7215 /* FirebaseAnalytics */ = {
			isa = XCSwiftPackageProductDependency;
			package = 13908CFA2BA6AE2400D1F150 /* XCRemoteSwiftPackageReference "firebase-ios-sdk" */;
			productName = FirebaseAnalytics;
		};
		1338BC162BA73CB100CA7215 /* FirebaseAnalyticsOnDeviceConversion */ = {
			isa = XCSwiftPackageProductDependency;
			package = 13908CFA2BA6AE2400D1F150 /* XCRemoteSwiftPackageReference "firebase-ios-sdk" */;
			productName = FirebaseAnalyticsOnDeviceConversion;
		};
		1338BC182BA73CB100CA7215 /* FirebaseAnalyticsSwift */ = {
			isa = XCSwiftPackageProductDependency;
			package = 13908CFA2BA6AE2400D1F150 /* XCRemoteSwiftPackageReference "firebase-ios-sdk" */;
			productName = FirebaseAnalyticsSwift;
		};
		1338BC1A2BA73CB100CA7215 /* FirebaseAnalyticsWithoutAdIdSupport */ = {
			isa = XCSwiftPackageProductDependency;
			package = 13908CFA2BA6AE2400D1F150 /* XCRemoteSwiftPackageReference "firebase-ios-sdk" */;
			productName = FirebaseAnalyticsWithoutAdIdSupport;
		};
		1338BC1C2BA73CB100CA7215 /* FirebaseAppCheck */ = {
			isa = XCSwiftPackageProductDependency;
			package = 13908CFA2BA6AE2400D1F150 /* XCRemoteSwiftPackageReference "firebase-ios-sdk" */;
			productName = FirebaseAppCheck;
		};
		1338BC1E2BA73CB100CA7215 /* FirebaseAppDistribution-Beta */ = {
			isa = XCSwiftPackageProductDependency;
			package = 13908CFA2BA6AE2400D1F150 /* XCRemoteSwiftPackageReference "firebase-ios-sdk" */;
			productName = "FirebaseAppDistribution-Beta";
		};
		1338BC202BA73CB100CA7215 /* FirebaseAuth */ = {
			isa = XCSwiftPackageProductDependency;
			package = 13908CFA2BA6AE2400D1F150 /* XCRemoteSwiftPackageReference "firebase-ios-sdk" */;
			productName = FirebaseAuth;
		};
		1338BC222BA73CB100CA7215 /* FirebaseAuthCombine-Community */ = {
			isa = XCSwiftPackageProductDependency;
			package = 13908CFA2BA6AE2400D1F150 /* XCRemoteSwiftPackageReference "firebase-ios-sdk" */;
			productName = "FirebaseAuthCombine-Community";
		};
		1338BC242BA73CB100CA7215 /* FirebaseCrashlytics */ = {
			isa = XCSwiftPackageProductDependency;
			package = 13908CFA2BA6AE2400D1F150 /* XCRemoteSwiftPackageReference "firebase-ios-sdk" */;
			productName = FirebaseCrashlytics;
		};
		1338BC262BA73CB100CA7215 /* FirebaseDatabase */ = {
			isa = XCSwiftPackageProductDependency;
			package = 13908CFA2BA6AE2400D1F150 /* XCRemoteSwiftPackageReference "firebase-ios-sdk" */;
			productName = FirebaseDatabase;
		};
		1338BC282BA73CB100CA7215 /* FirebaseDatabaseSwift */ = {
			isa = XCSwiftPackageProductDependency;
			package = 13908CFA2BA6AE2400D1F150 /* XCRemoteSwiftPackageReference "firebase-ios-sdk" */;
			productName = FirebaseDatabaseSwift;
		};
		1338BC2A2BA73CB100CA7215 /* FirebaseDynamicLinks */ = {
			isa = XCSwiftPackageProductDependency;
			package = 13908CFA2BA6AE2400D1F150 /* XCRemoteSwiftPackageReference "firebase-ios-sdk" */;
			productName = FirebaseDynamicLinks;
		};
		1338BC2C2BA73CB100CA7215 /* FirebaseFirestore */ = {
			isa = XCSwiftPackageProductDependency;
			package = 13908CFA2BA6AE2400D1F150 /* XCRemoteSwiftPackageReference "firebase-ios-sdk" */;
			productName = FirebaseFirestore;
		};
		1338BC2E2BA73CB100CA7215 /* FirebaseFirestoreCombine-Community */ = {
			isa = XCSwiftPackageProductDependency;
			package = 13908CFA2BA6AE2400D1F150 /* XCRemoteSwiftPackageReference "firebase-ios-sdk" */;
			productName = "FirebaseFirestoreCombine-Community";
		};
		1338BC302BA73CB100CA7215 /* FirebaseFirestoreSwift */ = {
			isa = XCSwiftPackageProductDependency;
			package = 13908CFA2BA6AE2400D1F150 /* XCRemoteSwiftPackageReference "firebase-ios-sdk" */;
			productName = FirebaseFirestoreSwift;
		};
		1338BC322BA73CB100CA7215 /* FirebaseFunctions */ = {
			isa = XCSwiftPackageProductDependency;
			package = 13908CFA2BA6AE2400D1F150 /* XCRemoteSwiftPackageReference "firebase-ios-sdk" */;
			productName = FirebaseFunctions;
		};
		1338BC342BA73CB100CA7215 /* FirebaseFunctionsCombine-Community */ = {
			isa = XCSwiftPackageProductDependency;
			package = 13908CFA2BA6AE2400D1F150 /* XCRemoteSwiftPackageReference "firebase-ios-sdk" */;
			productName = "FirebaseFunctionsCombine-Community";
		};
		1338BC362BA73CB100CA7215 /* FirebaseInAppMessaging-Beta */ = {
			isa = XCSwiftPackageProductDependency;
			package = 13908CFA2BA6AE2400D1F150 /* XCRemoteSwiftPackageReference "firebase-ios-sdk" */;
			productName = "FirebaseInAppMessaging-Beta";
		};
		1338BC382BA73CB100CA7215 /* FirebaseInAppMessagingSwift-Beta */ = {
			isa = XCSwiftPackageProductDependency;
			package = 13908CFA2BA6AE2400D1F150 /* XCRemoteSwiftPackageReference "firebase-ios-sdk" */;
			productName = "FirebaseInAppMessagingSwift-Beta";
		};
		1338BC3A2BA73CB100CA7215 /* FirebaseInstallations */ = {
			isa = XCSwiftPackageProductDependency;
			package = 13908CFA2BA6AE2400D1F150 /* XCRemoteSwiftPackageReference "firebase-ios-sdk" */;
			productName = FirebaseInstallations;
		};
		1338BC3C2BA73CB100CA7215 /* FirebaseMLModelDownloader */ = {
			isa = XCSwiftPackageProductDependency;
			package = 13908CFA2BA6AE2400D1F150 /* XCRemoteSwiftPackageReference "firebase-ios-sdk" */;
			productName = FirebaseMLModelDownloader;
		};
		1338BC3E2BA73CB100CA7215 /* FirebaseMessaging */ = {
			isa = XCSwiftPackageProductDependency;
			package = 13908CFA2BA6AE2400D1F150 /* XCRemoteSwiftPackageReference "firebase-ios-sdk" */;
			productName = FirebaseMessaging;
		};
		1338BC402BA73CB100CA7215 /* FirebasePerformance */ = {
			isa = XCSwiftPackageProductDependency;
			package = 13908CFA2BA6AE2400D1F150 /* XCRemoteSwiftPackageReference "firebase-ios-sdk" */;
			productName = FirebasePerformance;
		};
		1338BC422BA73CB100CA7215 /* FirebaseRemoteConfig */ = {
			isa = XCSwiftPackageProductDependency;
			package = 13908CFA2BA6AE2400D1F150 /* XCRemoteSwiftPackageReference "firebase-ios-sdk" */;
			productName = FirebaseRemoteConfig;
		};
		1338BC442BA73CB100CA7215 /* FirebaseRemoteConfigSwift */ = {
			isa = XCSwiftPackageProductDependency;
			package = 13908CFA2BA6AE2400D1F150 /* XCRemoteSwiftPackageReference "firebase-ios-sdk" */;
			productName = FirebaseRemoteConfigSwift;
		};
		1338BC462BA73CB100CA7215 /* FirebaseStorage */ = {
			isa = XCSwiftPackageProductDependency;
			package = 13908CFA2BA6AE2400D1F150 /* XCRemoteSwiftPackageReference "firebase-ios-sdk" */;
			productName = FirebaseStorage;
		};
		1338BC482BA73CB100CA7215 /* FirebaseStorageCombine-Community */ = {
			isa = XCSwiftPackageProductDependency;
			package = 13908CFA2BA6AE2400D1F150 /* XCRemoteSwiftPackageReference "firebase-ios-sdk" */;
			productName = "FirebaseStorageCombine-Community";
		};
/* End XCSwiftPackageProductDependency section */

/* Begin XCVersionGroup section */
		131ED0FF2BBCBBF000B48430 /* CalPals.xcdatamodeld */ = {
			isa = XCVersionGroup;
			children = (
				131ED1002BBCBBF000B48430 /* CalPals.xcdatamodel */,
			);
			currentVersion = 131ED1002BBCBBF000B48430 /* CalPals.xcdatamodel */;
			name = CalPals.xcdatamodeld;
			path = "/Users/richie/Documents/University/Spring 2024/C S 371L/CalPals/CalPals/CalPals.xcdatamodeld";
			sourceTree = "<group>";
			versionGroupType = wrapper.xcdatamodel;
		};
/* End XCVersionGroup section */
	};
	rootObject = F411B8392B8D69A000CA789C /* Project object */;
}
